
Microsoft Visual Studio Solution File, Format Version 12.00
# Visual Studio 15
VisualStudioVersion = 15.0.26730.16
MinimumVisualStudioVersion = 10.0.40219.1
Project("{9A19103F-16F7-4668-BE54-9A1E7A4F7556}") = "AspectMap.Core", "AspectMap.Core\AspectMap.Core.csproj", "{8B17F3E4-45E2-40EE-9CCB-9B4821594DA0}"
EndProject
Project("{9A19103F-16F7-4668-BE54-9A1E7A4F7556}") = "AspectMap.Core.Tests", "AspectMap.Core.Tests\AspectMap.Core.Tests.csproj", "{2639F8A8-D86B-4B86-B511-851EAEA127F7}"
EndProject
Global
	GlobalSection(SolutionConfigurationPlatforms) = preSolution
		Debug|Any CPU = Debug|Any CPU
		Release|Any CPU = Release|Any CPU
	EndGlobalSection
	GlobalSection(ProjectConfigurationPlatforms) = postSolution
		{8B17F3E4-45E2-40EE-9CCB-9B4821594DA0}.Debug|Any CPU.ActiveCfg = Debug|Any CPU
		{8B17F3E4-45E2-40EE-9CCB-9B4821594DA0}.Debug|Any CPU.Build.0 = Debug|Any CPU
		{8B17F3E4-45E2-40EE-9CCB-9B4821594DA0}.Release|Any CPU.ActiveCfg = Release|Any CPU
		{8B17F3E4-45E2-40EE-9CCB-9B4821594DA0}.Release|Any CPU.Build.0 = Release|Any CPU
		{2639F8A8-D86B-4B86-B511-851EAEA127F7}.Debug|Any CPU.ActiveCfg = Debug|Any CPU
		{2639F8A8-D86B-4B86-B511-851EAEA127F7}.Debug|Any CPU.Build.0 = Debug|Any CPU
		{2639F8A8-D86B-4B86-B511-851EAEA127F7}.Release|Any CPU.ActiveCfg = Release|Any CPU
		{2639F8A8-D86B-4B86-B511-851EAEA127F7}.Release|Any CPU.Build.0 = Release|Any CPU
	EndGlobalSection
	GlobalSection(SolutionProperties) = preSolution
		HideSolutionNode = FALSE
	EndGlobalSection
	GlobalSection(ExtensibilityGlobals) = postSolution
		SolutionGuid = {54C3A054-A21C-48A1-BC63-F52DFA05956D}
	EndGlobalSection
EndGlobal
